
Microsoft Visual Studio Solution File, Format Version 12.00
# Visual Studio Version 17
VisualStudioVersion = 17.2.32602.215
MinimumVisualStudioVersion = 10.0.40219.1
Project("{FAE04EC0-301F-11D3-BF4B-00C04F79EFBC}") = "App", "App\App.csproj", "{C245B0B7-31C3-47E2-8379-A0F63DFA7770}"
EndProject
Global
	GlobalSection(SolutionConfigurationPlatforms) = preSolution
		Debug|Any CPU = Debug|Any CPU
		Release|Any CPU = Release|Any CPU
	EndGlobalSection
	GlobalSection(ProjectConfigurationPlatforms) = postSolution
		{C245B0B7-31C3-47E2-8379-A0F63DFA7770}.Debug|Any CPU.ActiveCfg = Debug|Any CPU
		{C245B0B7-31C3-47E2-8379-A0F63DFA7770}.Debug|Any CPU.Build.0 = Debug|Any CPU
		{C245B0B7-31C3-47E2-8379-A0F63DFA7770}.Release|Any CPU.ActiveCfg = Release|Any CPU
		{C245B0B7-31C3-47E2-8379-A0F63DFA7770}.Release|Any CPU.Build.0 = Release|Any CPU
	EndGlobalSection
	GlobalSection(SolutionProperties) = preSolution
		HideSolutionNode = FALSE
	EndGlobalSection
	GlobalSection(ExtensibilityGlobals) = postSolution
		SolutionGuid = {20EEA782-6F60-4EA1-AEBA-999E19388E9D}
	EndGlobalSection
EndGlobal
